
Microsoft Visual Studio Solution File, Format Version 12.00
# Visual Studio Version 17
VisualStudioVersion = 17.14.36414.22 d17.14
MinimumVisualStudioVersion = 10.0.40219.1
Project("{FAE04EC0-301F-11D3-BF4B-00C04F79EFBC}") = "GameProject1", "GameProject1.csproj", "{7BCD5BB1-46C2-41B6-9832-3A3B56C99F9E}"
EndProject
Global
	GlobalSection(SolutionConfigurationPlatforms) = preSolution
		Debug|Any CPU = Debug|Any CPU
		Release|Any CPU = Release|Any CPU
	EndGlobalSection
	GlobalSection(ProjectConfigurationPlatforms) = postSolution
		{7BCD5BB1-46C2-41B6-9832-3A3B56C99F9E}.Debug|Any CPU.ActiveCfg = Debug|Any CPU
		{7BCD5BB1-46C2-41B6-9832-3A3B56C99F9E}.Debug|Any CPU.Build.0 = Debug|Any CPU
		{7BCD5BB1-46C2-41B6-9832-3A3B56C99F9E}.Release|Any CPU.ActiveCfg = Release|Any CPU
		{7BCD5BB1-46C2-41B6-9832-3A3B56C99F9E}.Release|Any CPU.Build.0 = Release|Any CPU
	EndGlobalSection
	GlobalSection(SolutionProperties) = preSolution
		HideSolutionNode = FALSE
	EndGlobalSection
	GlobalSection(ExtensibilityGlobals) = postSolution
		SolutionGuid = {14E39A45-57AB-442E-B947-2800A77380AF}
	EndGlobalSection
EndGlobal
